hash: f2af9a1791e5a6d4950b9cf8cc3ee1816e569b13820e75b24edd2871d849b1ef
updated: 2017-06-10T13:42:49.4626868+08:00
imports:
- name: github.com/gorilla/websocket
  version: 3ab3a8b8831546bd18fd182c20687ca853b2bb13
- name: github.com/sirupsen/logrus
  version: 85b1699d505667d13f8ac4478c1debbf85d6c5de
testImports: []
